
Microsoft Visual Studio Solution File, Format Version 12.00
# Visual Studio Version 16
VisualStudioVersion = 16.0.30503.244
MinimumVisualStudioVersion = 10.0.40219.1
Project("{FAE04EC0-301F-11D3-BF4B-00C04F79EFBC}") = "DataExtractionTool", "DataExtractionTool\DataExtractionTool.csproj", "{256B6ED6-398C-4AFC-B9F6-30FABA7EC95D}"
EndProject
Global
	GlobalSection(SolutionConfigurationPlatforms) = preSolution
		Debug|Any CPU = Debug|Any CPU
		Release|Any CPU = Release|Any CPU
	EndGlobalSection
	GlobalSection(ProjectConfigurationPlatforms) = postSolution
		{256B6ED6-398C-4AFC-B9F6-30FABA7EC95D}.Debug|Any CPU.ActiveCfg = Debug|Any CPU
		{256B6ED6-398C-4AFC-B9F6-30FABA7EC95D}.Debug|Any CPU.Build.0 = Debug|Any CPU
		{256B6ED6-398C-4AFC-B9F6-30FABA7EC95D}.Release|Any CPU.ActiveCfg = Release|Any CPU
		{256B6ED6-398C-4AFC-B9F6-30FABA7EC95D}.Release|Any CPU.Build.0 = Release|Any CPU
	EndGlobalSection
	GlobalSection(SolutionProperties) = preSolution
		HideSolutionNode = FALSE
	EndGlobalSection
	GlobalSection(ExtensibilityGlobals) = postSolution
		SolutionGuid = {BC1CDC96-B236-4E6E-9BCB-80CF7A8652F2}
	EndGlobalSection
EndGlobal
